
Microsoft Visual Studio Solution File, Format Version 12.00
# Visual Studio Version 16
VisualStudioVersion = 16.0.30204.135
MinimumVisualStudioVersion = 10.0.40219.1
Project("{FAE04EC0-301F-11D3-BF4B-00C04F79EFBC}") = "ValorantDBContext", "ValorantDBContext\ValorantDBContext.csproj", "{A75CCEBC-EFDA-4DA1-A578-CF692DBCAA35}"
EndProject
Project("{FAE04EC0-301F-11D3-BF4B-00C04F79EFBC}") = "ValorantAppBusinessLayer", "ValorantAppBusinessLayer\ValorantAppBusinessLayer.csproj", "{2B89D9D5-8E5B-4FDB-B789-B6D23F73C065}"
EndProject
Project("{FAE04EC0-301F-11D3-BF4B-00C04F79EFBC}") = "ValorantAppGUI", "..\ValorantAppGUI\ValorantAppGUI.csproj", "{B2041632-3633-446A-8E87-8D835CB4B3C9}"
EndProject
Global
	GlobalSection(SolutionConfigurationPlatforms) = preSolution
		Debug|Any CPU = Debug|Any CPU
		Release|Any CPU = Release|Any CPU
	EndGlobalSection
	GlobalSection(ProjectConfigurationPlatforms) = postSolution
		{A75CCEBC-EFDA-4DA1-A578-CF692DBCAA35}.Debug|Any CPU.ActiveCfg = Debug|Any CPU
		{A75CCEBC-EFDA-4DA1-A578-CF692DBCAA35}.Debug|Any CPU.Build.0 = Debug|Any CPU
		{A75CCEBC-EFDA-4DA1-A578-CF692DBCAA35}.Release|Any CPU.ActiveCfg = Release|Any CPU
		{A75CCEBC-EFDA-4DA1-A578-CF692DBCAA35}.Release|Any CPU.Build.0 = Release|Any CPU
		{2B89D9D5-8E5B-4FDB-B789-B6D23F73C065}.Debug|Any CPU.ActiveCfg = Debug|Any CPU
		{2B89D9D5-8E5B-4FDB-B789-B6D23F73C065}.Debug|Any CPU.Build.0 = Debug|Any CPU
		{2B89D9D5-8E5B-4FDB-B789-B6D23F73C065}.Release|Any CPU.ActiveCfg = Release|Any CPU
		{2B89D9D5-8E5B-4FDB-B789-B6D23F73C065}.Release|Any CPU.Build.0 = Release|Any CPU
		{B2041632-3633-446A-8E87-8D835CB4B3C9}.Debug|Any CPU.ActiveCfg = Debug|Any CPU
		{B2041632-3633-446A-8E87-8D835CB4B3C9}.Debug|Any CPU.Build.0 = Debug|Any CPU
		{B2041632-3633-446A-8E87-8D835CB4B3C9}.Release|Any CPU.ActiveCfg = Release|Any CPU
		{B2041632-3633-446A-8E87-8D835CB4B3C9}.Release|Any CPU.Build.0 = Release|Any CPU
	EndGlobalSection
	GlobalSection(SolutionProperties) = preSolution
		HideSolutionNode = FALSE
	EndGlobalSection
	GlobalSection(ExtensibilityGlobals) = postSolution
		SolutionGuid = {8FBD36C1-3D52-4DD6-B6F6-FB35100D7EEC}
	EndGlobalSection
EndGlobal
