
Microsoft Visual Studio Solution File, Format Version 12.00
# Visual Studio Version 16
VisualStudioVersion = 16.0.30204.135
MinimumVisualStudioVersion = 10.0.40219.1
Project("{9A19103F-16F7-4668-BE54-9A1E7A4F7556}") = "ValorantDatabase", "ValorantDatabase\ValorantDatabase.csproj", "{B1AA2097-1B53-4244-8882-685C5B483CE7}"
EndProject
Project("{9A19103F-16F7-4668-BE54-9A1E7A4F7556}") = "BussinessLayer", "BussinessLayer\BussinessLayer.csproj", "{82CC5119-3462-4C53-9A40-BF055CC9756D}"
EndProject
Project("{9A19103F-16F7-4668-BE54-9A1E7A4F7556}") = "ValorantGUI", "ValorantGUI\ValorantGUI.csproj", "{185A1683-D1D9-4A2F-A852-962BE0E5A451}"
EndProject
Global
	GlobalSection(SolutionConfigurationPlatforms) = preSolution
		Debug|Any CPU = Debug|Any CPU
		Release|Any CPU = Release|Any CPU
	EndGlobalSection
	GlobalSection(ProjectConfigurationPlatforms) = postSolution
		{B1AA2097-1B53-4244-8882-685C5B483CE7}.Debug|Any CPU.ActiveCfg = Debug|Any CPU
		{B1AA2097-1B53-4244-8882-685C5B483CE7}.Debug|Any CPU.Build.0 = Debug|Any CPU
		{B1AA2097-1B53-4244-8882-685C5B483CE7}.Release|Any CPU.ActiveCfg = Release|Any CPU
		{B1AA2097-1B53-4244-8882-685C5B483CE7}.Release|Any CPU.Build.0 = Release|Any CPU
		{82CC5119-3462-4C53-9A40-BF055CC9756D}.Debug|Any CPU.ActiveCfg = Debug|Any CPU
		{82CC5119-3462-4C53-9A40-BF055CC9756D}.Debug|Any CPU.Build.0 = Debug|Any CPU
		{82CC5119-3462-4C53-9A40-BF055CC9756D}.Release|Any CPU.ActiveCfg = Release|Any CPU
		{82CC5119-3462-4C53-9A40-BF055CC9756D}.Release|Any CPU.Build.0 = Release|Any CPU
		{185A1683-D1D9-4A2F-A852-962BE0E5A451}.Debug|Any CPU.ActiveCfg = Debug|Any CPU
		{185A1683-D1D9-4A2F-A852-962BE0E5A451}.Debug|Any CPU.Build.0 = Debug|Any CPU
		{185A1683-D1D9-4A2F-A852-962BE0E5A451}.Release|Any CPU.ActiveCfg = Release|Any CPU
		{185A1683-D1D9-4A2F-A852-962BE0E5A451}.Release|Any CPU.Build.0 = Release|Any CPU
	EndGlobalSection
	GlobalSection(SolutionProperties) = preSolution
		HideSolutionNode = FALSE
	EndGlobalSection
	GlobalSection(ExtensibilityGlobals) = postSolution
		SolutionGuid = {F8E5CD69-2C45-40D0-B781-A9F2385FBDA9}
	EndGlobalSection
EndGlobal
